
Microsoft Visual Studio Solution File, Format Version 12.00
# Visual Studio Version 16
VisualStudioVersion = 16.0.30611.23
MinimumVisualStudioVersion = 10.0.40219.1
Project("{FAE04EC0-301F-11D3-BF4B-00C04F79EFBC}") = "ForEx-1", "ForEx-1\ForEx-1.csproj", "{2D027D02-B23E-4E47-866A-42ED77F057B6}"
EndProject
Global
	GlobalSection(SolutionConfigurationPlatforms) = preSolution
		Debug|Any CPU = Debug|Any CPU
		Release|Any CPU = Release|Any CPU
	EndGlobalSection
	GlobalSection(ProjectConfigurationPlatforms) = postSolution
		{2D027D02-B23E-4E47-866A-42ED77F057B6}.Debug|Any CPU.ActiveCfg = Debug|Any CPU
		{2D027D02-B23E-4E47-866A-42ED77F057B6}.Debug|Any CPU.Build.0 = Debug|Any CPU
		{2D027D02-B23E-4E47-866A-42ED77F057B6}.Release|Any CPU.ActiveCfg = Release|Any CPU
		{2D027D02-B23E-4E47-866A-42ED77F057B6}.Release|Any CPU.Build.0 = Release|Any CPU
	EndGlobalSection
	GlobalSection(SolutionProperties) = preSolution
		HideSolutionNode = FALSE
	EndGlobalSection
	GlobalSection(ExtensibilityGlobals) = postSolution
		SolutionGuid = {87D46E66-07B1-4996-A000-A54C864143B8}
	EndGlobalSection
EndGlobal
